
Microsoft Visual Studio Solution File, Format Version 12.00
# Visual Studio 15
Project("{FAE04EC0-301F-11D3-BF4B-00C04F79EFBC}") = "Konigsberg.Tests", "Konigsberg.Tests\Konigsberg.Tests.csproj", "{2FD6E226-0C13-40C4-AA08-3BFA30829FC1}"
EndProject
Project("{FAE04EC0-301F-11D3-BF4B-00C04F79EFBC}") = "Konigsberg", "Konigsberg\Konigsberg.csproj", "{82EFFBF6-0ABC-4D31-A3B9-2D8A95E32C63}"
EndProject
Global
	GlobalSection(SolutionConfigurationPlatforms) = preSolution
		Debug|Any CPU = Debug|Any CPU
		Release|Any CPU = Release|Any CPU
	EndGlobalSection
	GlobalSection(ProjectConfigurationPlatforms) = postSolution
		{2FD6E226-0C13-40C4-AA08-3BFA30829FC1}.Debug|Any CPU.ActiveCfg = Debug|Any CPU
		{2FD6E226-0C13-40C4-AA08-3BFA30829FC1}.Debug|Any CPU.Build.0 = Debug|Any CPU
		{2FD6E226-0C13-40C4-AA08-3BFA30829FC1}.Release|Any CPU.ActiveCfg = Release|Any CPU
		{2FD6E226-0C13-40C4-AA08-3BFA30829FC1}.Release|Any CPU.Build.0 = Release|Any CPU
		{82EFFBF6-0ABC-4D31-A3B9-2D8A95E32C63}.Debug|Any CPU.ActiveCfg = Debug|Any CPU
		{82EFFBF6-0ABC-4D31-A3B9-2D8A95E32C63}.Debug|Any CPU.Build.0 = Debug|Any CPU
		{82EFFBF6-0ABC-4D31-A3B9-2D8A95E32C63}.Release|Any CPU.ActiveCfg = Release|Any CPU
		{82EFFBF6-0ABC-4D31-A3B9-2D8A95E32C63}.Release|Any CPU.Build.0 = Release|Any CPU
	EndGlobalSection
EndGlobal
